
Microsoft Visual Studio Solution File, Format Version 12.00
# Visual Studio 14
VisualStudioVersion = 14.0.25420.1
MinimumVisualStudioVersion = 10.0.40219.1
Project("{FAE04EC0-301F-11D3-BF4B-00C04F79EFBC}") = "WpfApplication1", "WpfApplication1\WpfApplication1.csproj", "{6B249841-C194-40D3-877D-BB43E92702AE}"
EndProject
Project("{FAE04EC0-301F-11D3-BF4B-00C04F79EFBC}") = "WpfApplication2", "WpfApplication2\WpfApplication2.csproj", "{2939A644-41F8-4E9F-A9AB-46460609C4FC}"
EndProject
Project("{FAE04EC0-301F-11D3-BF4B-00C04F79EFBC}") = "WpfApplication3", "WpfApplication3\WpfApplication3.csproj", "{22B7D6F9-5BD8-47A1-8A95-547699D04C81}"
EndProject
Global
	GlobalSection(SolutionConfigurationPlatforms) = preSolution
		Debug|Any CPU = Debug|Any CPU
		Release|Any CPU = Release|Any CPU
	EndGlobalSection
	GlobalSection(ProjectConfigurationPlatforms) = postSolution
		{6B249841-C194-40D3-877D-BB43E92702AE}.Debug|Any CPU.ActiveCfg = Debug|Any CPU
		{6B249841-C194-40D3-877D-BB43E92702AE}.Debug|Any CPU.Build.0 = Debug|Any CPU
		{6B249841-C194-40D3-877D-BB43E92702AE}.Release|Any CPU.ActiveCfg = Release|Any CPU
		{6B249841-C194-40D3-877D-BB43E92702AE}.Release|Any CPU.Build.0 = Release|Any CPU
		{2939A644-41F8-4E9F-A9AB-46460609C4FC}.Debug|Any CPU.ActiveCfg = Debug|Any CPU
		{2939A644-41F8-4E9F-A9AB-46460609C4FC}.Debug|Any CPU.Build.0 = Debug|Any CPU
		{2939A644-41F8-4E9F-A9AB-46460609C4FC}.Release|Any CPU.ActiveCfg = Release|Any CPU
		{2939A644-41F8-4E9F-A9AB-46460609C4FC}.Release|Any CPU.Build.0 = Release|Any CPU
		{22B7D6F9-5BD8-47A1-8A95-547699D04C81}.Debug|Any CPU.ActiveCfg = Debug|Any CPU
		{22B7D6F9-5BD8-47A1-8A95-547699D04C81}.Debug|Any CPU.Build.0 = Debug|Any CPU
		{22B7D6F9-5BD8-47A1-8A95-547699D04C81}.Release|Any CPU.ActiveCfg = Release|Any CPU
		{22B7D6F9-5BD8-47A1-8A95-547699D04C81}.Release|Any CPU.Build.0 = Release|Any CPU
	EndGlobalSection
	GlobalSection(SolutionProperties) = preSolution
		HideSolutionNode = FALSE
	EndGlobalSection
EndGlobal
